
Microsoft Visual Studio Solution File, Format Version 12.00
# Visual Studio 15
VisualStudioVersion = 15.0.28307.1231
MinimumVisualStudioVersion = 10.0.40219.1
Project("{FAE04EC0-301F-11D3-BF4B-00C04F79EFBC}") = "01", "01\01.csproj", "{159CF344-FB49-4985-B1C9-E03EFC8FEA1C}"
EndProject
Project("{FAE04EC0-301F-11D3-BF4B-00C04F79EFBC}") = "while 循环例题", "while 循环例题\while 循环例题.csproj", "{5DAB4C39-8B39-4303-8FF5-E61299BD5D3F}"
EndProject
Project("{FAE04EC0-301F-11D3-BF4B-00C04F79EFBC}") = "do-while循环", "do-while循环\do-while循环.csproj", "{854885F8-869D-4B7D-95FA-7C35E9BB9F42}"
EndProject
Project("{FAE04EC0-301F-11D3-BF4B-00C04F79EFBC}") = "continue", "continue\continue.csproj", "{393F8678-8ECF-4694-A3B8-3D506E3580F9}"
EndProject
Project("{FAE04EC0-301F-11D3-BF4B-00C04F79EFBC}") = "程序调试", "程序调试\程序调试.csproj", "{D4C9F63D-5954-4A8B-84FF-159A44894007}"
EndProject
Project("{FAE04EC0-301F-11D3-BF4B-00C04F79EFBC}") = "02for循环", "02for循环\02for循环.csproj", "{E3C485C5-5B84-440D-B5E1-CAE00E4BC608}"
EndProject
Project("{FAE04EC0-301F-11D3-BF4B-00C04F79EFBC}") = "03类型转换", "03类型转换\03类型转换.csproj", "{D999E186-BDEB-40D1-86D9-8677AAFAC174}"
EndProject
Project("{FAE04EC0-301F-11D3-BF4B-00C04F79EFBC}") = "04三元表达式", "04三元表达式\04三元表达式.csproj", "{B750EAC6-0DCA-47D8-901A-532842CAAB55}"
EndProject
Project("{FAE04EC0-301F-11D3-BF4B-00C04F79EFBC}") = "05随机数", "05随机数\05随机数.csproj", "{B5EDCD04-4537-4011-80C4-364F142A3581}"
EndProject
Project("{FAE04EC0-301F-11D3-BF4B-00C04F79EFBC}") = "06复习", "06复习\06复习.csproj", "{C4129968-7CD5-4900-B356-98A878022B2C}"
EndProject
Project("{FAE04EC0-301F-11D3-BF4B-00C04F79EFBC}") = "07常量", "07常量\07常量.csproj", "{02287D60-EE4F-4AE7-8192-0C991DD7597C}"
EndProject
Project("{FAE04EC0-301F-11D3-BF4B-00C04F79EFBC}") = "08枚举", "08枚举\08枚举.csproj", "{029473C7-E262-415D-86A9-05857928220B}"
EndProject
Project("{FAE04EC0-301F-11D3-BF4B-00C04F79EFBC}") = "09结构", "09结构\09结构.csproj", "{A20ACA59-AD60-42EE-BA03-10FC8D221279}"
EndProject
Project("{FAE04EC0-301F-11D3-BF4B-00C04F79EFBC}") = "10数组", "10数组\10数组.csproj", "{835EDEF4-E63B-4286-9F09-BEFDB606AA8A}"
EndProject
Project("{FAE04EC0-301F-11D3-BF4B-00C04F79EFBC}") = "11冒泡排序", "11冒泡排序\11冒泡排序.csproj", "{7B96C567-31F7-4CD9-BE83-7BF936EA204F}"
EndProject
Project("{FAE04EC0-301F-11D3-BF4B-00C04F79EFBC}") = "12方法", "12方法\12方法.csproj", "{ECCEFB70-11C4-40B3-B87F-6A52779F9CF5}"
EndProject
Project("{FAE04EC0-301F-11D3-BF4B-00C04F79EFBC}") = "13复习", "13复习\13复习.csproj", "{C9609154-F109-4075-9920-472ED4DD9572}"
EndProject
Project("{FAE04EC0-301F-11D3-BF4B-00C04F79EFBC}") = "14方法的调用", "14方法的调用\14方法的调用.csproj", "{2283483A-4984-4AFB-ABF6-6C00F7CAF7B5}"
EndProject
Project("{FAE04EC0-301F-11D3-BF4B-00C04F79EFBC}") = "15方法的三个练习", "15方法的三个练习\15方法的三个练习.csproj", "{7AF207E1-2EC1-47A1-80B2-94C3AB4F88C8}"
EndProject
Project("{FAE04EC0-301F-11D3-BF4B-00C04F79EFBC}") = "16out参数", "16out参数\16out参数.csproj", "{086FE452-B80B-4657-A22A-665C854274E1}"
EndProject
Project("{FAE04EC0-301F-11D3-BF4B-00C04F79EFBC}") = "17使用out参数做登录", "17使用out参数做登录\17使用out参数做登录.csproj", "{47CEF281-700C-4650-AF1E-0719DB6321D0}"
EndProject
Project("{FAE04EC0-301F-11D3-BF4B-00C04F79EFBC}") = "18自己写tryparse", "18自己写tryparse\18自己写tryparse.csproj", "{5A92C1EB-770E-4425-A2C1-AA51ED044CC7}"
EndProject
Project("{FAE04EC0-301F-11D3-BF4B-00C04F79EFBC}") = "19ref参数", "19ref参数\19ref参数.csproj", "{FEA8E16F-5D7B-4237-A6F6-C7ADBD613423}"
EndProject
Project("{FAE04EC0-301F-11D3-BF4B-00C04F79EFBC}") = "20ref练习", "20ref练习\20ref练习.csproj", "{FC755905-833A-40C5-B182-7E591053932A}"
EndProject
Project("{FAE04EC0-301F-11D3-BF4B-00C04F79EFBC}") = "21params可变参数", "21params可变参数\21params可变参数.csproj", "{B155AF27-DC8E-4813-BE40-F07FB6E03457}"
EndProject
Project("{FAE04EC0-301F-11D3-BF4B-00C04F79EFBC}") = "22方法的重载", "22方法的重载\22方法的重载.csproj", "{832F8380-A381-496C-B3A2-92F35972A13D}"
EndProject
Project("{FAE04EC0-301F-11D3-BF4B-00C04F79EFBC}") = "23方法的递归", "23方法的递归\23方法的递归.csproj", "{720A9A29-A6E0-4E84-83F1-5684101E0D89}"
EndProject
Project("{FAE04EC0-301F-11D3-BF4B-00C04F79EFBC}") = "24方法的练习", "24方法的练习\24方法的练习.csproj", "{D7AEFCF5-D753-494B-9079-95FFFA16C8BA}"
EndProject
Project("{FAE04EC0-301F-11D3-BF4B-00C04F79EFBC}") = "25方法的练习2", "25方法的练习2\25方法的练习2.csproj", "{29D14E57-A63E-406D-A59E-5F3F65AC6535}"
EndProject
Project("{FAE04EC0-301F-11D3-BF4B-00C04F79EFBC}") = "26方法的练习3", "26方法的练习3\26方法的练习3.csproj", "{58A24F3E-5100-47F1-9D1E-551946E99995}"
EndProject
Project("{FAE04EC0-301F-11D3-BF4B-00C04F79EFBC}") = "27方法的练习4", "27方法的练习4\27方法的练习4.csproj", "{EACAE8BE-F7C9-492F-89FE-53C3866CC652}"
EndProject
Project("{FAE04EC0-301F-11D3-BF4B-00C04F79EFBC}") = "28方法的练习5", "28方法的练习5\28方法的练习5.csproj", "{E8882354-59BE-4262-8040-990A3260FF65}"
EndProject
Project("{FAE04EC0-301F-11D3-BF4B-00C04F79EFBC}") = "29飞行棋", "29飞行棋\29飞行棋.csproj", "{0E122611-32E6-4E07-B754-302249D390F0}"
EndProject
Project("{FAE04EC0-301F-11D3-BF4B-00C04F79EFBC}") = "30面向对象概念", "30面向对象概念\30面向对象概念.csproj", "{4CE0B720-981B-4FA7-B3E0-F5CE197D8A88}"
EndProject
Project("{FAE04EC0-301F-11D3-BF4B-00C04F79EFBC}") = "31类的基本语法", "31类的基本语法\31类的基本语法.csproj", "{BD67C108-EABF-435D-AC70-907383B228BA}"
EndProject
Project("{FAE04EC0-301F-11D3-BF4B-00C04F79EFBC}") = "32复习", "32复习\32复习.csproj", "{66D8E780-689C-43E6-9A8B-7FCF3E3F34FE}"
EndProject
Project("{FAE04EC0-301F-11D3-BF4B-00C04F79EFBC}") = "33静态和非静态的区别", "33静态和非静态的区别\33静态和非静态的区别.csproj", "{02E7C9CC-56EC-49E3-B76A-61EACE1DDE02}"
EndProject
Project("{FAE04EC0-301F-11D3-BF4B-00C04F79EFBC}") = "03改错", "03改错\03改错.csproj", "{340F8A17-32E9-4015-949B-C6DD2A72084D}"
EndProject
Project("{2150E333-8FDC-42A3-9474-1A3956D46DE8}") = "上课", "上课", "{126CF0CC-D1A0-406B-835E-884B1549932C}"
EndProject
Project("{FAE04EC0-301F-11D3-BF4B-00C04F79EFBC}") = "04 对象 构造函数", "04 对象 构造函数\04 对象 构造函数.csproj", "{A88F18BB-690E-4849-8303-F706B8A3E953}"
EndProject
Project("{FAE04EC0-301F-11D3-BF4B-00C04F79EFBC}") = "34面向对象练习", "34面向对象练习\34面向对象练习.csproj", "{1F0FF1B7-FE3C-48D2-8D0B-4925F5225A0B}"
EndProject
Project("{FAE04EC0-301F-11D3-BF4B-00C04F79EFBC}") = "35练习", "35练习\35练习.csproj", "{21D7A196-DDF7-47BB-BC22-527DA5BB5C32}"
EndProject
Project("{FAE04EC0-301F-11D3-BF4B-00C04F79EFBC}") = "05程序清单6_3", "05程序清单6_3\05程序清单6_3.csproj", "{68926F1A-0C16-4724-83D2-912FC1D57CFE}"
EndProject
Project("{FAE04EC0-301F-11D3-BF4B-00C04F79EFBC}") = "06程序清单6_2", "06程序清单6_2\06程序清单6_2.csproj", "{B606C8A1-3043-46E5-AD6E-9E420641892A}"
EndProject
Project("{FAE04EC0-301F-11D3-BF4B-00C04F79EFBC}") = "07goto语句5_11", "07goto语句5_11\07goto语句5_11.csproj", "{3B3D02CA-8786-4A62-B501-222B7647AA7C}"
EndProject
Project("{FAE04EC0-301F-11D3-BF4B-00C04F79EFBC}") = "08continue语句5_9", "08continue语句5_9\08continue语句5_9.csproj", "{9948118A-02C1-41A4-AA77-D54BDEFCCE0B}"
EndProject
Project("{FAE04EC0-301F-11D3-BF4B-00C04F79EFBC}") = "09foreach循环5_6", "09foreach循环5_6\09foreach循环5_6.csproj", "{C50A89A1-B2AD-44F6-8BD9-797DE103F425}"
EndProject
Project("{FAE04EC0-301F-11D3-BF4B-00C04F79EFBC}") = "36复习", "36复习\36复习.csproj", "{BC9FEDD3-58F9-4057-8B9B-7A5EC8D52E09}"
EndProject
Project("{FAE04EC0-301F-11D3-BF4B-00C04F79EFBC}") = "37命名空间", "37命名空间\37命名空间.csproj", "{45762886-B642-400C-9D24-6CD41EEFF6AE}"
EndProject
Project("{FAE04EC0-301F-11D3-BF4B-00C04F79EFBC}") = "38值类型和引用类型", "38值类型和引用类型\38值类型和引用类型.csproj", "{53873D6B-0021-430F-ADCF-49E02DB172EE}"
EndProject
Project("{FAE04EC0-301F-11D3-BF4B-00C04F79EFBC}") = "39字符串的不可变性", "39字符串的不可变性\39字符串的不可变性.csproj", "{B42CFF3D-6B44-4194-9287-33D8803B8C48}"
EndProject
Project("{FAE04EC0-301F-11D3-BF4B-00C04F79EFBC}") = "40stringBuider", "40stringBuider\40stringBuider.csproj", "{3D6A8DE9-6A80-4393-B631-402F7DE34E3E}"
EndProject
Project("{FAE04EC0-301F-11D3-BF4B-00C04F79EFBC}") = "41字符串的各种方法", "41字符串的各种方法\41字符串的各种方法.csproj", "{01A94CF7-0BDC-48C7-AC5D-63725FD72473}"
EndProject
Project("{FAE04EC0-301F-11D3-BF4B-00C04F79EFBC}") = "42字符串的练习", "42字符串的练习\42字符串的练习.csproj", "{60DA3BEC-34D2-4B8F-9C1A-3125760B8FA9}"
EndProject
Project("{FAE04EC0-301F-11D3-BF4B-00C04F79EFBC}") = "43继承", "43继承\43继承.csproj", "{6F97FCCC-FA76-4A8C-9C71-4077248336B0}"
EndProject
Project("{FAE04EC0-301F-11D3-BF4B-00C04F79EFBC}") = "44继承练习", "44继承练习\44继承练习.csproj", "{1403787A-B374-42A5-81A4-C27665B43C5A}"
EndProject
Project("{FAE04EC0-301F-11D3-BF4B-00C04F79EFBC}") = "45复习", "45复习\45复习.csproj", "{374B61E4-996E-4151-B2E9-CF387EC010FE}"
EndProject
Project("{FAE04EC0-301F-11D3-BF4B-00C04F79EFBC}") = "46里 氏转换", "46里 氏转换\46里 氏转换.csproj", "{33ED583D-AE60-45B1-8815-80030E4B6C91}"
EndProject
Project("{FAE04EC0-301F-11D3-BF4B-00C04F79EFBC}") = "47protected访问修饰符", "47protected访问修饰符\47protected访问修饰符.csproj", "{98211D9B-8E69-4630-A091-8F6F2EFE179E}"
EndProject
Project("{FAE04EC0-301F-11D3-BF4B-00C04F79EFBC}") = "48ArrayList集合", "48ArrayList集合\48ArrayList集合.csproj", "{A8851E0D-E838-44A9-B94F-4C2D77F0B7B8}"
EndProject
Project("{FAE04EC0-301F-11D3-BF4B-00C04F79EFBC}") = "49ToString的问题", "49ToString的问题\49ToString的问题.csproj", "{6A2CF875-07DA-40AC-BFD8-2500883FAE72}"
EndProject
Project("{FAE04EC0-301F-11D3-BF4B-00C04F79EFBC}") = "50ArrayList的各种方法", "50ArrayList的各种方法\50ArrayList的各种方法.csproj", "{88F1123C-9555-4845-84F8-8FBE3F18E1A7}"
EndProject
Project("{FAE04EC0-301F-11D3-BF4B-00C04F79EFBC}") = "51ArrayList集合长度的问题", "51ArrayList集合长度的问题\51ArrayList集合长度的问题.csproj", "{AE430A55-CB10-4508-9FB1-FA0A7D07C90D}"
EndProject
Project("{FAE04EC0-301F-11D3-BF4B-00C04F79EFBC}") = "52集合的练习", "52集合的练习\52集合的练习.csproj", "{9B8A7153-B1C2-4B48-8752-5554F889AF10}"
EndProject
Project("{FAE04EC0-301F-11D3-BF4B-00C04F79EFBC}") = "53键值对集合", "53键值对集合\53键值对集合.csproj", "{4D0422C0-4B05-4043-B8DD-FB6CC5E6DE00}"
EndProject
Project("{FAE04EC0-301F-11D3-BF4B-00C04F79EFBC}") = "54var推断类型", "54var推断类型\54var推断类型.csproj", "{E59A5015-4ECE-4B88-B969-10CD1C910A7D}"
EndProject
Project("{FAE04EC0-301F-11D3-BF4B-00C04F79EFBC}") = "55foreach循环", "55foreach循环\55foreach循环.csproj", "{014433C2-8F23-479B-B4C7-75053A2BA197}"
EndProject
Project("{FAE04EC0-301F-11D3-BF4B-00C04F79EFBC}") = "56Path 类", "56Path 类\56Path 类.csproj", "{5CBC48AB-14A9-4BCF-A249-202C8AFC133B}"
EndProject
Project("{FAE04EC0-301F-11D3-BF4B-00C04F79EFBC}") = "57File类", "57File类\57File类.csproj", "{C505DF31-13EF-4738-A8DC-083A9F2C464B}"
EndProject
Project("{FAE04EC0-301F-11D3-BF4B-00C04F79EFBC}") = "58编码简介", "58编码简介\58编码简介.csproj", "{9C2CF460-A378-48CD-BF7F-7B842EE70A52}"
EndProject
Project("{FAE04EC0-301F-11D3-BF4B-00C04F79EFBC}") = "59复习", "59复习\59复习.csproj", "{48679C4E-A8B5-4879-886E-AA376269ABD0}"
EndProject
Project("{FAE04EC0-301F-11D3-BF4B-00C04F79EFBC}") = "60绝对路径和相对路径", "60绝对路径和相对路径\60绝对路径和相对路径.csproj", "{1B8D8587-05B1-4E3B-821F-166FA92CEDA6}"
EndProject
Project("{FAE04EC0-301F-11D3-BF4B-00C04F79EFBC}") = "61List泛型集合", "61List泛型集合\61List泛型集合.csproj", "{DBAC41D6-3AF1-499B-9497-11BAD05F97B6}"
EndProject
Project("{FAE04EC0-301F-11D3-BF4B-00C04F79EFBC}") = "62装箱和拆箱", "62装箱和拆箱\62装箱和拆箱.csproj", "{3E954389-9DCF-49B7-9B80-F3EE5FFE9DE5}"
EndProject
Project("{FAE04EC0-301F-11D3-BF4B-00C04F79EFBC}") = "63Dictionary", "63Dictionary\63Dictionary.csproj", "{F977EA8D-C92F-43FD-84E6-6BC71D243519}"
EndProject
Project("{FAE04EC0-301F-11D3-BF4B-00C04F79EFBC}") = "64泛型集合的练习", "64泛型集合的练习\64泛型集合的练习.csproj", "{A333A966-7235-401C-B9AB-916FBC293044}"
EndProject
Project("{FAE04EC0-301F-11D3-BF4B-00C04F79EFBC}") = "10方法", "10方法\10方法.csproj", "{B1B95745-87E0-46D6-A76A-CE9A0A2A59E0}"
EndProject
Project("{FAE04EC0-301F-11D3-BF4B-00C04F79EFBC}") = "11构造函数", "11构造函数\11构造函数.csproj", "{E3580EF8-5B89-4BD0-93A6-162191B90CC2}"
EndProject
Project("{2150E333-8FDC-42A3-9474-1A3956D46DE8}") = "考前复习", "考前复习", "{0A43821C-DA6D-423B-B4C7-674793BA8C8E}"
EndProject
Project("{FAE04EC0-301F-11D3-BF4B-00C04F79EFBC}") = "01绪论", "01绪论\01绪论.csproj", "{97897E2A-A422-43E0-AA42-B72A4A5F9BD0}"
EndProject
Project("{FAE04EC0-301F-11D3-BF4B-00C04F79EFBC}") = "02数据类型与转换", "02数据类型与转换\02数据类型与转换.csproj", "{F0C2C29E-D85C-4C4B-A9E9-90D9FC209054}"
EndProject
Project("{FAE04EC0-301F-11D3-BF4B-00C04F79EFBC}") = "12程序清单3_1", "12程序清单3_1\12程序清单3_1.csproj", "{5CEC3C3F-00D9-4315-B4C3-E0AF2450396E}"
EndProject
Project("{FAE04EC0-301F-11D3-BF4B-00C04F79EFBC}") = "65FileStream", "65FileStream\65FileStream.csproj", "{16F1AB85-C0B3-4301-8D04-8BA9E6021463}"
EndProject
Project("{FAE04EC0-301F-11D3-BF4B-00C04F79EFBC}") = "66使用文件流来实现多媒体文件的复制", "66使用文件流来实现多媒体文件的复制\66使用文件流来实现多媒体文件的复制.csproj", "{F043D572-4B67-49E8-A9B1-1C59A833C132}"
EndProject
Project("{FAE04EC0-301F-11D3-BF4B-00C04F79EFBC}") = "67StreamReader和StreamWriter", "67StreamReader和StreamWriter\67StreamReader和StreamWriter.csproj", "{35E658AE-A3A1-45BB-B58F-88D8E604D721}"
EndProject
Project("{FAE04EC0-301F-11D3-BF4B-00C04F79EFBC}") = "68多态", "68多态\68多态.csproj", "{F0871844-DAE1-464B-A19D-76C4D327A774}"
EndProject
Project("{2150E333-8FDC-42A3-9474-1A3956D46DE8}") = "计算机组成原理", "计算机组成原理", "{889D8D94-C309-4763-B87B-F9F4853C893D}"
EndProject
Project("{FAE04EC0-301F-11D3-BF4B-00C04F79EFBC}") = "01开篇介绍", "01开篇介绍\01开篇介绍.csproj", "{1035658C-1EE1-4BB4-ACF2-EAB908A921BA}"
EndProject
Project("{FAE04EC0-301F-11D3-BF4B-00C04F79EFBC}") = "02计算机的发展", "02计算机的发展\02计算机的发展.csproj", "{88A6FD35-3803-4703-A4FD-3318FE1A7CA3}"
EndProject
Project("{FAE04EC0-301F-11D3-BF4B-00C04F79EFBC}") = "03计算机硬件的基本组成", "03计算机硬件的基本组成\03计算机硬件的基本组成.csproj", "{DDC2CCB5-6E17-4568-A84D-D809BD96370B}"
EndProject
Project("{FAE04EC0-301F-11D3-BF4B-00C04F79EFBC}") = "04认识各个硬件部件", "04认识各个硬件部件\04认识各个硬件部件.csproj", "{1314F1C9-1851-45CF-8123-D75F1D514090}"
EndProject
Project("{FAE04EC0-301F-11D3-BF4B-00C04F79EFBC}") = "69抽象类", "69抽象类\69抽象类.csproj", "{0BD853D8-A292-4CC4-A822-2228C834AF52}"
EndProject
Project("{FAE04EC0-301F-11D3-BF4B-00C04F79EFBC}") = "70抽象类练习", "70抽象类练习\70抽象类练习.csproj", "{8A397650-1CCE-4F49-9F4F-644917CA00F3}"
EndProject
Project("{FAE04EC0-301F-11D3-BF4B-00C04F79EFBC}") = "71电脑_移动硬盘_U盘_MP3", "71电脑_移动硬盘_U盘_MP3\71电脑_移动硬盘_U盘_MP3.csproj", "{699D3169-5A14-4FE6-B287-79C7516C107C}"
EndProject
Project("{2150E333-8FDC-42A3-9474-1A3956D46DE8}") = "csharp实例", "csharp实例", "{BF5D0B03-A9EF-4238-A552-6B87A486BD6F}"
EndProject
Project("{FAE04EC0-301F-11D3-BF4B-00C04F79EFBC}") = "025利用while语句判断大小", "025利用while语句判断大小\025利用while语句判断大小.csproj", "{4E88A10A-3794-4D75-9CE6-67E4D70E0186}"
EndProject
Project("{FAE04EC0-301F-11D3-BF4B-00C04F79EFBC}") = "100委托", "100委托\100委托.csproj", "{1E75159F-19C2-449B-8375-DC07AC68C437}"
EndProject
Project("{FAE04EC0-301F-11D3-BF4B-00C04F79EFBC}") = "72复习", "72复习\72复习.csproj", "{F36E98E7-372A-4891-A9AB-95A95C1279C6}"
EndProject
Project("{FAE04EC0-301F-11D3-BF4B-00C04F79EFBC}") = "73访问修饰符", "73访问修饰符\73访问修饰符.csproj", "{26CB5679-43E3-4924-A93B-4A1F2F5FEC7A}"
EndProject
Project("{FAE04EC0-301F-11D3-BF4B-00C04F79EFBC}") = "74简单工厂设计模式", "74简单工厂设计模式\74简单工厂设计模式.csproj", "{A47FA522-B712-405A-BBD8-51A38B0A7E6E}"
EndProject
Project("{FAE04EC0-301F-11D3-BF4B-00C04F79EFBC}") = "75值类型和引用类型、", "75值类型和引用类型、\75值类型和引用类型、.csproj", "{81626660-19B4-4A83-9BF4-5B7ABC138183}"
EndProject
Project("{FAE04EC0-301F-11D3-BF4B-00C04F79EFBC}") = "76序列化和反序列化", "76序列化和反序列化\76序列化和反序列化.csproj", "{19CA2FC3-A032-4811-BFF3-CFB6F971D4FD}"
EndProject
Project("{FAE04EC0-301F-11D3-BF4B-00C04F79EFBC}") = "77部分类", "77部分类\77部分类.csproj", "{CB8B9C25-5709-4035-92D5-13DB4D465EBB}"
EndProject
Project("{FAE04EC0-301F-11D3-BF4B-00C04F79EFBC}") = "78密封类", "78密封类\78密封类.csproj", "{7CD90D34-D8EB-4E89-A7D3-A327AAA247FD}"
EndProject
Project("{FAE04EC0-301F-11D3-BF4B-00C04F79EFBC}") = "79重写ToString方法", "79重写ToString方法\79重写ToString方法.csproj", "{AA9CDF00-EE63-4393-AFB1-6369F7DA512A}"
EndProject
Project("{FAE04EC0-301F-11D3-BF4B-00C04F79EFBC}") = "80接口", "80接口\80接口.csproj", "{7CBF2FA4-77FC-45E0-B396-850B062142FD}"
EndProject
Project("{FAE04EC0-301F-11D3-BF4B-00C04F79EFBC}") = "81自动属性和普通属性", "81自动属性和普通属性\81自动属性和普通属性.csproj", "{54D5255C-115F-4E47-A316-B0FB8A525681}"
EndProject
Project("{FAE04EC0-301F-11D3-BF4B-00C04F79EFBC}") = "026打印九九乘法表", "026打印九九乘法表\026打印九九乘法表.csproj", "{73E0C226-8C34-4C9F-97EF-2C9C4CE2FE43}"
EndProject
Project("{FAE04EC0-301F-11D3-BF4B-00C04F79EFBC}") = "82接口特点", "82接口特点\82接口特点.csproj", "{64D139B1-D329-4C34-86AE-0410789C3C41}"
EndProject
Project("{FAE04EC0-301F-11D3-BF4B-00C04F79EFBC}") = "83显示实现接口", "83显示实现接口\83显示实现接口.csproj", "{F2C1EAFE-75CF-48BB-AA2A-501366D75BC9}"
EndProject
Project("{FAE04EC0-301F-11D3-BF4B-00C04F79EFBC}") = "84总结", "84总结\84总结.csproj", "{96FC281A-7B98-4C4D-8091-721DF1C39464}"
EndProject
Project("{FAE04EC0-301F-11D3-BF4B-00C04F79EFBC}") = "85超市收银系统", "85超市收银系统\85超市收银系统.csproj", "{9D0B6654-241A-42C3-B757-BCFC22847245}"
EndProject
Project("{FAE04EC0-301F-11D3-BF4B-00C04F79EFBC}") = "86GUID", "86GUID\86GUID.csproj", "{9CA9ADF8-CBBA-40DF-B2F2-FB422402358C}"
EndProject
Project("{FAE04EC0-301F-11D3-BF4B-00C04F79EFBC}") = "05计算机系统的层次结构", "05计算机系统的层次结构\05计算机系统的层次结构.csproj", "{CDFB5F28-AD0A-4B28-BFDF-F42BFD7E6C39}"
EndProject
Project("{FAE04EC0-301F-11D3-BF4B-00C04F79EFBC}") = "06存储器的性能指标", "06存储器的性能指标\06存储器的性能指标.csproj", "{0EAE1CCB-8319-4DED-8130-88A5113FBD5C}"
EndProject
Project("{FAE04EC0-301F-11D3-BF4B-00C04F79EFBC}") = "07进位计数制", "07进位计数制\07进位计数制.csproj", "{0C88D625-6541-4C5A-BD94-E82B4FE6A75D}"
EndProject
Project("{FAE04EC0-301F-11D3-BF4B-00C04F79EFBC}") = "13委托", "13委托\13委托.csproj", "{5EC7600D-32DC-49F8-B761-18C185C3C07C}"
EndProject
Project("{FAE04EC0-301F-11D3-BF4B-00C04F79EFBC}") = "14十进制转换为二进制", "14十进制转换为二进制\14十进制转换为二进制.csproj", "{46FFB747-7864-4806-96BC-1408B86467B7}"
EndProject
Global
	GlobalSection(SolutionConfigurationPlatforms) = preSolution
		Debug|Any CPU = Debug|Any CPU
		Release|Any CPU = Release|Any CPU
	EndGlobalSection
	GlobalSection(ProjectConfigurationPlatforms) = postSolution
		{159CF344-FB49-4985-B1C9-E03EFC8FEA1C}.Debug|Any CPU.ActiveCfg = Debug|Any CPU
		{159CF344-FB49-4985-B1C9-E03EFC8FEA1C}.Debug|Any CPU.Build.0 = Debug|Any CPU
		{159CF344-FB49-4985-B1C9-E03EFC8FEA1C}.Release|Any CPU.ActiveCfg = Release|Any CPU
		{159CF344-FB49-4985-B1C9-E03EFC8FEA1C}.Release|Any CPU.Build.0 = Release|Any CPU
		{5DAB4C39-8B39-4303-8FF5-E61299BD5D3F}.Debug|Any CPU.ActiveCfg = Debug|Any CPU
		{5DAB4C39-8B39-4303-8FF5-E61299BD5D3F}.Debug|Any CPU.Build.0 = Debug|Any CPU
		{5DAB4C39-8B39-4303-8FF5-E61299BD5D3F}.Release|Any CPU.ActiveCfg = Release|Any CPU
		{5DAB4C39-8B39-4303-8FF5-E61299BD5D3F}.Release|Any CPU.Build.0 = Release|Any CPU
		{854885F8-869D-4B7D-95FA-7C35E9BB9F42}.Debug|Any CPU.ActiveCfg = Debug|Any CPU
		{854885F8-869D-4B7D-95FA-7C35E9BB9F42}.Debug|Any CPU.Build.0 = Debug|Any CPU
		{854885F8-869D-4B7D-95FA-7C35E9BB9F42}.Release|Any CPU.ActiveCfg = Release|Any CPU
		{854885F8-869D-4B7D-95FA-7C35E9BB9F42}.Release|Any CPU.Build.0 = Release|Any CPU
		{393F8678-8ECF-4694-A3B8-3D506E3580F9}.Debug|Any CPU.ActiveCfg = Debug|Any CPU
		{393F8678-8ECF-4694-A3B8-3D506E3580F9}.Debug|Any CPU.Build.0 = Debug|Any CPU
		{393F8678-8ECF-4694-A3B8-3D506E3580F9}.Release|Any CPU.ActiveCfg = Release|Any CPU
		{393F8678-8ECF-4694-A3B8-3D506E3580F9}.Release|Any CPU.Build.0 = Release|Any CPU
		{D4C9F63D-5954-4A8B-84FF-159A44894007}.Debug|Any CPU.ActiveCfg = Debug|Any CPU
		{D4C9F63D-5954-4A8B-84FF-159A44894007}.Debug|Any CPU.Build.0 = Debug|Any CPU
		{D4C9F63D-5954-4A8B-84FF-159A44894007}.Release|Any CPU.ActiveCfg = Release|Any CPU
		{D4C9F63D-5954-4A8B-84FF-159A44894007}.Release|Any CPU.Build.0 = Release|Any CPU
		{E3C485C5-5B84-440D-B5E1-CAE00E4BC608}.Debug|Any CPU.ActiveCfg = Debug|Any CPU
		{E3C485C5-5B84-440D-B5E1-CAE00E4BC608}.Debug|Any CPU.Build.0 = Debug|Any CPU
		{E3C485C5-5B84-440D-B5E1-CAE00E4BC608}.Release|Any CPU.ActiveCfg = Release|Any CPU
		{E3C485C5-5B84-440D-B5E1-CAE00E4BC608}.Release|Any CPU.Build.0 = Release|Any CPU
		{D999E186-BDEB-40D1-86D9-8677AAFAC174}.Debug|Any CPU.ActiveCfg = Debug|Any CPU
		{D999E186-BDEB-40D1-86D9-8677AAFAC174}.Debug|Any CPU.Build.0 = Debug|Any CPU
		{D999E186-BDEB-40D1-86D9-8677AAFAC174}.Release|Any CPU.ActiveCfg = Release|Any CPU
		{D999E186-BDEB-40D1-86D9-8677AAFAC174}.Release|Any CPU.Build.0 = Release|Any CPU
		{B750EAC6-0DCA-47D8-901A-532842CAAB55}.Debug|Any CPU.ActiveCfg = Debug|Any CPU
		{B750EAC6-0DCA-47D8-901A-532842CAAB55}.Debug|Any CPU.Build.0 = Debug|Any CPU
		{B750EAC6-0DCA-47D8-901A-532842CAAB55}.Release|Any CPU.ActiveCfg = Release|Any CPU
		{B750EAC6-0DCA-47D8-901A-532842CAAB55}.Release|Any CPU.Build.0 = Release|Any CPU
		{B5EDCD04-4537-4011-80C4-364F142A3581}.Debug|Any CPU.ActiveCfg = Debug|Any CPU
		{B5EDCD04-4537-4011-80C4-364F142A3581}.Debug|Any CPU.Build.0 = Debug|Any CPU
		{B5EDCD04-4537-4011-80C4-364F142A3581}.Release|Any CPU.ActiveCfg = Release|Any CPU
		{B5EDCD04-4537-4011-80C4-364F142A3581}.Release|Any CPU.Build.0 = Release|Any CPU
		{C4129968-7CD5-4900-B356-98A878022B2C}.Debug|Any CPU.ActiveCfg = Debug|Any CPU
		{C4129968-7CD5-4900-B356-98A878022B2C}.Debug|Any CPU.Build.0 = Debug|Any CPU
		{C4129968-7CD5-4900-B356-98A878022B2C}.Release|Any CPU.ActiveCfg = Release|Any CPU
		{C4129968-7CD5-4900-B356-98A878022B2C}.Release|Any CPU.Build.0 = Release|Any CPU
		{02287D60-EE4F-4AE7-8192-0C991DD7597C}.Debug|Any CPU.ActiveCfg = Debug|Any CPU
		{02287D60-EE4F-4AE7-8192-0C991DD7597C}.Debug|Any CPU.Build.0 = Debug|Any CPU
		{02287D60-EE4F-4AE7-8192-0C991DD7597C}.Release|Any CPU.ActiveCfg = Release|Any CPU
		{02287D60-EE4F-4AE7-8192-0C991DD7597C}.Release|Any CPU.Build.0 = Release|Any CPU
		{029473C7-E262-415D-86A9-05857928220B}.Debug|Any CPU.ActiveCfg = Debug|Any CPU
		{029473C7-E262-415D-86A9-05857928220B}.Debug|Any CPU.Build.0 = Debug|Any CPU
		{029473C7-E262-415D-86A9-05857928220B}.Release|Any CPU.ActiveCfg = Release|Any CPU
		{029473C7-E262-415D-86A9-05857928220B}.Release|Any CPU.Build.0 = Release|Any CPU
		{A20ACA59-AD60-42EE-BA03-10FC8D221279}.Debug|Any CPU.ActiveCfg = Debug|Any CPU
		{A20ACA59-AD60-42EE-BA03-10FC8D221279}.Debug|Any CPU.Build.0 = Debug|Any CPU
		{A20ACA59-AD60-42EE-BA03-10FC8D221279}.Release|Any CPU.ActiveCfg = Release|Any CPU
		{A20ACA59-AD60-42EE-BA03-10FC8D221279}.Release|Any CPU.Build.0 = Release|Any CPU
		{835EDEF4-E63B-4286-9F09-BEFDB606AA8A}.Debug|Any CPU.ActiveCfg = Debug|Any CPU
		{835EDEF4-E63B-4286-9F09-BEFDB606AA8A}.Debug|Any CPU.Build.0 = Debug|Any CPU
		{835EDEF4-E63B-4286-9F09-BEFDB606AA8A}.Release|Any CPU.ActiveCfg = Release|Any CPU
		{835EDEF4-E63B-4286-9F09-BEFDB606AA8A}.Release|Any CPU.Build.0 = Release|Any CPU
		{7B96C567-31F7-4CD9-BE83-7BF936EA204F}.Debug|Any CPU.ActiveCfg = Debug|Any CPU
		{7B96C567-31F7-4CD9-BE83-7BF936EA204F}.Debug|Any CPU.Build.0 = Debug|Any CPU
		{7B96C567-31F7-4CD9-BE83-7BF936EA204F}.Release|Any CPU.ActiveCfg = Release|Any CPU
		{7B96C567-31F7-4CD9-BE83-7BF936EA204F}.Release|Any CPU.Build.0 = Release|Any CPU
		{ECCEFB70-11C4-40B3-B87F-6A52779F9CF5}.Debug|Any CPU.ActiveCfg = Debug|Any CPU
		{ECCEFB70-11C4-40B3-B87F-6A52779F9CF5}.Debug|Any CPU.Build.0 = Debug|Any CPU
		{ECCEFB70-11C4-40B3-B87F-6A52779F9CF5}.Release|Any CPU.ActiveCfg = Release|Any CPU
		{ECCEFB70-11C4-40B3-B87F-6A52779F9CF5}.Release|Any CPU.Build.0 = Release|Any CPU
		{C9609154-F109-4075-9920-472ED4DD9572}.Debug|Any CPU.ActiveCfg = Debug|Any CPU
		{C9609154-F109-4075-9920-472ED4DD9572}.Debug|Any CPU.Build.0 = Debug|Any CPU
		{C9609154-F109-4075-9920-472ED4DD9572}.Release|Any CPU.ActiveCfg = Release|Any CPU
		{C9609154-F109-4075-9920-472ED4DD9572}.Release|Any CPU.Build.0 = Release|Any CPU
		{2283483A-4984-4AFB-ABF6-6C00F7CAF7B5}.Debug|Any CPU.ActiveCfg = Debug|Any CPU
		{2283483A-4984-4AFB-ABF6-6C00F7CAF7B5}.Debug|Any CPU.Build.0 = Debug|Any CPU
		{2283483A-4984-4AFB-ABF6-6C00F7CAF7B5}.Release|Any CPU.ActiveCfg = Release|Any CPU
		{2283483A-4984-4AFB-ABF6-6C00F7CAF7B5}.Release|Any CPU.Build.0 = Release|Any CPU
		{7AF207E1-2EC1-47A1-80B2-94C3AB4F88C8}.Debug|Any CPU.ActiveCfg = Debug|Any CPU
		{7AF207E1-2EC1-47A1-80B2-94C3AB4F88C8}.Debug|Any CPU.Build.0 = Debug|Any CPU
		{7AF207E1-2EC1-47A1-80B2-94C3AB4F88C8}.Release|Any CPU.ActiveCfg = Release|Any CPU
		{7AF207E1-2EC1-47A1-80B2-94C3AB4F88C8}.Release|Any CPU.Build.0 = Release|Any CPU
		{086FE452-B80B-4657-A22A-665C854274E1}.Debug|Any CPU.ActiveCfg = Debug|Any CPU
		{086FE452-B80B-4657-A22A-665C854274E1}.Debug|Any CPU.Build.0 = Debug|Any CPU
		{086FE452-B80B-4657-A22A-665C854274E1}.Release|Any CPU.ActiveCfg = Release|Any CPU
		{086FE452-B80B-4657-A22A-665C854274E1}.Release|Any CPU.Build.0 = Release|Any CPU
		{47CEF281-700C-4650-AF1E-0719DB6321D0}.Debug|Any CPU.ActiveCfg = Debug|Any CPU
		{47CEF281-700C-4650-AF1E-0719DB6321D0}.Debug|Any CPU.Build.0 = Debug|Any CPU
		{47CEF281-700C-4650-AF1E-0719DB6321D0}.Release|Any CPU.ActiveCfg = Release|Any CPU
		{47CEF281-700C-4650-AF1E-0719DB6321D0}.Release|Any CPU.Build.0 = Release|Any CPU
		{5A92C1EB-770E-4425-A2C1-AA51ED044CC7}.Debug|Any CPU.ActiveCfg = Debug|Any CPU
		{5A92C1EB-770E-4425-A2C1-AA51ED044CC7}.Debug|Any CPU.Build.0 = Debug|Any CPU
		{5A92C1EB-770E-4425-A2C1-AA51ED044CC7}.Release|Any CPU.ActiveCfg = Release|Any CPU
		{5A92C1EB-770E-4425-A2C1-AA51ED044CC7}.Release|Any CPU.Build.0 = Release|Any CPU
		{FEA8E16F-5D7B-4237-A6F6-C7ADBD613423}.Debug|Any CPU.ActiveCfg = Debug|Any CPU
		{FEA8E16F-5D7B-4237-A6F6-C7ADBD613423}.Debug|Any CPU.Build.0 = Debug|Any CPU
		{FEA8E16F-5D7B-4237-A6F6-C7ADBD613423}.Release|Any CPU.ActiveCfg = Release|Any CPU
		{FEA8E16F-5D7B-4237-A6F6-C7ADBD613423}.Release|Any CPU.Build.0 = Release|Any CPU
		{FC755905-833A-40C5-B182-7E591053932A}.Debug|Any CPU.ActiveCfg = Debug|Any CPU
		{FC755905-833A-40C5-B182-7E591053932A}.Debug|Any CPU.Build.0 = Debug|Any CPU
		{FC755905-833A-40C5-B182-7E591053932A}.Release|Any CPU.ActiveCfg = Release|Any CPU
		{FC755905-833A-40C5-B182-7E591053932A}.Release|Any CPU.Build.0 = Release|Any CPU
		{B155AF27-DC8E-4813-BE40-F07FB6E03457}.Debug|Any CPU.ActiveCfg = Debug|Any CPU
		{B155AF27-DC8E-4813-BE40-F07FB6E03457}.Debug|Any CPU.Build.0 = Debug|Any CPU
		{B155AF27-DC8E-4813-BE40-F07FB6E03457}.Release|Any CPU.ActiveCfg = Release|Any CPU
		{B155AF27-DC8E-4813-BE40-F07FB6E03457}.Release|Any CPU.Build.0 = Release|Any CPU
		{832F8380-A381-496C-B3A2-92F35972A13D}.Debug|Any CPU.ActiveCfg = Debug|Any CPU
		{832F8380-A381-496C-B3A2-92F35972A13D}.Debug|Any CPU.Build.0 = Debug|Any CPU
		{832F8380-A381-496C-B3A2-92F35972A13D}.Release|Any CPU.ActiveCfg = Release|Any CPU
		{832F8380-A381-496C-B3A2-92F35972A13D}.Release|Any CPU.Build.0 = Release|Any CPU
		{720A9A29-A6E0-4E84-83F1-5684101E0D89}.Debug|Any CPU.ActiveCfg = Debug|Any CPU
		{720A9A29-A6E0-4E84-83F1-5684101E0D89}.Debug|Any CPU.Build.0 = Debug|Any CPU
		{720A9A29-A6E0-4E84-83F1-5684101E0D89}.Release|Any CPU.ActiveCfg = Release|Any CPU
		{720A9A29-A6E0-4E84-83F1-5684101E0D89}.Release|Any CPU.Build.0 = Release|Any CPU
		{D7AEFCF5-D753-494B-9079-95FFFA16C8BA}.Debug|Any CPU.ActiveCfg = Debug|Any CPU
		{D7AEFCF5-D753-494B-9079-95FFFA16C8BA}.Debug|Any CPU.Build.0 = Debug|Any CPU
		{D7AEFCF5-D753-494B-9079-95FFFA16C8BA}.Release|Any CPU.ActiveCfg = Release|Any CPU
		{D7AEFCF5-D753-494B-9079-95FFFA16C8BA}.Release|Any CPU.Build.0 = Release|Any CPU
		{29D14E57-A63E-406D-A59E-5F3F65AC6535}.Debug|Any CPU.ActiveCfg = Debug|Any CPU
		{29D14E57-A63E-406D-A59E-5F3F65AC6535}.Debug|Any CPU.Build.0 = Debug|Any CPU
		{29D14E57-A63E-406D-A59E-5F3F65AC6535}.Release|Any CPU.ActiveCfg = Release|Any CPU
		{29D14E57-A63E-406D-A59E-5F3F65AC6535}.Release|Any CPU.Build.0 = Release|Any CPU
		{58A24F3E-5100-47F1-9D1E-551946E99995}.Debug|Any CPU.ActiveCfg = Debug|Any CPU
		{58A24F3E-5100-47F1-9D1E-551946E99995}.Debug|Any CPU.Build.0 = Debug|Any CPU
		{58A24F3E-5100-47F1-9D1E-551946E99995}.Release|Any CPU.ActiveCfg = Release|Any CPU
		{58A24F3E-5100-47F1-9D1E-551946E99995}.Release|Any CPU.Build.0 = Release|Any CPU
		{EACAE8BE-F7C9-492F-89FE-53C3866CC652}.Debug|Any CPU.ActiveCfg = Debug|Any CPU
		{EACAE8BE-F7C9-492F-89FE-53C3866CC652}.Debug|Any CPU.Build.0 = Debug|Any CPU
		{EACAE8BE-F7C9-492F-89FE-53C3866CC652}.Release|Any CPU.ActiveCfg = Release|Any CPU
		{EACAE8BE-F7C9-492F-89FE-53C3866CC652}.Release|Any CPU.Build.0 = Release|Any CPU
		{E8882354-59BE-4262-8040-990A3260FF65}.Debug|Any CPU.ActiveCfg = Debug|Any CPU
		{E8882354-59BE-4262-8040-990A3260FF65}.Debug|Any CPU.Build.0 = Debug|Any CPU
		{E8882354-59BE-4262-8040-990A3260FF65}.Release|Any CPU.ActiveCfg = Release|Any CPU
		{E8882354-59BE-4262-8040-990A3260FF65}.Release|Any CPU.Build.0 = Release|Any CPU
		{0E122611-32E6-4E07-B754-302249D390F0}.Debug|Any CPU.ActiveCfg = Debug|Any CPU
		{0E122611-32E6-4E07-B754-302249D390F0}.Debug|Any CPU.Build.0 = Debug|Any CPU
		{0E122611-32E6-4E07-B754-302249D390F0}.Release|Any CPU.ActiveCfg = Release|Any CPU
		{0E122611-32E6-4E07-B754-302249D390F0}.Release|Any CPU.Build.0 = Release|Any CPU
		{4CE0B720-981B-4FA7-B3E0-F5CE197D8A88}.Debug|Any CPU.ActiveCfg = Debug|Any CPU
		{4CE0B720-981B-4FA7-B3E0-F5CE197D8A88}.Debug|Any CPU.Build.0 = Debug|Any CPU
		{4CE0B720-981B-4FA7-B3E0-F5CE197D8A88}.Release|Any CPU.ActiveCfg = Release|Any CPU
		{4CE0B720-981B-4FA7-B3E0-F5CE197D8A88}.Release|Any CPU.Build.0 = Release|Any CPU
		{BD67C108-EABF-435D-AC70-907383B228BA}.Debug|Any CPU.ActiveCfg = Debug|Any CPU
		{BD67C108-EABF-435D-AC70-907383B228BA}.Debug|Any CPU.Build.0 = Debug|Any CPU
		{BD67C108-EABF-435D-AC70-907383B228BA}.Release|Any CPU.ActiveCfg = Release|Any CPU
		{BD67C108-EABF-435D-AC70-907383B228BA}.Release|Any CPU.Build.0 = Release|Any CPU
		{66D8E780-689C-43E6-9A8B-7FCF3E3F34FE}.Debug|Any CPU.ActiveCfg = Debug|Any CPU
		{66D8E780-689C-43E6-9A8B-7FCF3E3F34FE}.Debug|Any CPU.Build.0 = Debug|Any CPU
		{66D8E780-689C-43E6-9A8B-7FCF3E3F34FE}.Release|Any CPU.ActiveCfg = Release|Any CPU
		{66D8E780-689C-43E6-9A8B-7FCF3E3F34FE}.Release|Any CPU.Build.0 = Release|Any CPU
		{02E7C9CC-56EC-49E3-B76A-61EACE1DDE02}.Debug|Any CPU.ActiveCfg = Debug|Any CPU
		{02E7C9CC-56EC-49E3-B76A-61EACE1DDE02}.Debug|Any CPU.Build.0 = Debug|Any CPU
		{02E7C9CC-56EC-49E3-B76A-61EACE1DDE02}.Release|Any CPU.ActiveCfg = Release|Any CPU
		{02E7C9CC-56EC-49E3-B76A-61EACE1DDE02}.Release|Any CPU.Build.0 = Release|Any CPU
		{340F8A17-32E9-4015-949B-C6DD2A72084D}.Debug|Any CPU.ActiveCfg = Debug|Any CPU
		{340F8A17-32E9-4015-949B-C6DD2A72084D}.Debug|Any CPU.Build.0 = Debug|Any CPU
		{340F8A17-32E9-4015-949B-C6DD2A72084D}.Release|Any CPU.ActiveCfg = Release|Any CPU
		{340F8A17-32E9-4015-949B-C6DD2A72084D}.Release|Any CPU.Build.0 = Release|Any CPU
		{A88F18BB-690E-4849-8303-F706B8A3E953}.Debug|Any CPU.ActiveCfg = Debug|Any CPU
		{A88F18BB-690E-4849-8303-F706B8A3E953}.Debug|Any CPU.Build.0 = Debug|Any CPU
		{A88F18BB-690E-4849-8303-F706B8A3E953}.Release|Any CPU.ActiveCfg = Release|Any CPU
		{A88F18BB-690E-4849-8303-F706B8A3E953}.Release|Any CPU.Build.0 = Release|Any CPU
		{1F0FF1B7-FE3C-48D2-8D0B-4925F5225A0B}.Debug|Any CPU.ActiveCfg = Debug|Any CPU
		{1F0FF1B7-FE3C-48D2-8D0B-4925F5225A0B}.Debug|Any CPU.Build.0 = Debug|Any CPU
		{1F0FF1B7-FE3C-48D2-8D0B-4925F5225A0B}.Release|Any CPU.ActiveCfg = Release|Any CPU
		{1F0FF1B7-FE3C-48D2-8D0B-4925F5225A0B}.Release|Any CPU.Build.0 = Release|Any CPU
		{21D7A196-DDF7-47BB-BC22-527DA5BB5C32}.Debug|Any CPU.ActiveCfg = Debug|Any CPU
		{21D7A196-DDF7-47BB-BC22-527DA5BB5C32}.Debug|Any CPU.Build.0 = Debug|Any CPU
		{21D7A196-DDF7-47BB-BC22-527DA5BB5C32}.Release|Any CPU.ActiveCfg = Release|Any CPU
		{21D7A196-DDF7-47BB-BC22-527DA5BB5C32}.Release|Any CPU.Build.0 = Release|Any CPU
		{68926F1A-0C16-4724-83D2-912FC1D57CFE}.Debug|Any CPU.ActiveCfg = Debug|Any CPU
		{68926F1A-0C16-4724-83D2-912FC1D57CFE}.Debug|Any CPU.Build.0 = Debug|Any CPU
		{68926F1A-0C16-4724-83D2-912FC1D57CFE}.Release|Any CPU.ActiveCfg = Release|Any CPU
		{68926F1A-0C16-4724-83D2-912FC1D57CFE}.Release|Any CPU.Build.0 = Release|Any CPU
		{B606C8A1-3043-46E5-AD6E-9E420641892A}.Debug|Any CPU.ActiveCfg = Debug|Any CPU
		{B606C8A1-3043-46E5-AD6E-9E420641892A}.Debug|Any CPU.Build.0 = Debug|Any CPU
		{B606C8A1-3043-46E5-AD6E-9E420641892A}.Release|Any CPU.ActiveCfg = Release|Any CPU
		{B606C8A1-3043-46E5-AD6E-9E420641892A}.Release|Any CPU.Build.0 = Release|Any CPU
		{3B3D02CA-8786-4A62-B501-222B7647AA7C}.Debug|Any CPU.ActiveCfg = Debug|Any CPU
		{3B3D02CA-8786-4A62-B501-222B7647AA7C}.Debug|Any CPU.Build.0 = Debug|Any CPU
		{3B3D02CA-8786-4A62-B501-222B7647AA7C}.Release|Any CPU.ActiveCfg = Release|Any CPU
		{3B3D02CA-8786-4A62-B501-222B7647AA7C}.Release|Any CPU.Build.0 = Release|Any CPU
		{9948118A-02C1-41A4-AA77-D54BDEFCCE0B}.Debug|Any CPU.ActiveCfg = Debug|Any CPU
		{9948118A-02C1-41A4-AA77-D54BDEFCCE0B}.Debug|Any CPU.Build.0 = Debug|Any CPU
		{9948118A-02C1-41A4-AA77-D54BDEFCCE0B}.Release|Any CPU.ActiveCfg = Release|Any CPU
		{9948118A-02C1-41A4-AA77-D54BDEFCCE0B}.Release|Any CPU.Build.0 = Release|Any CPU
		{C50A89A1-B2AD-44F6-8BD9-797DE103F425}.Debug|Any CPU.ActiveCfg = Debug|Any CPU
		{C50A89A1-B2AD-44F6-8BD9-797DE103F425}.Debug|Any CPU.Build.0 = Debug|Any CPU
		{C50A89A1-B2AD-44F6-8BD9-797DE103F425}.Release|Any CPU.ActiveCfg = Release|Any CPU
		{C50A89A1-B2AD-44F6-8BD9-797DE103F425}.Release|Any CPU.Build.0 = Release|Any CPU
		{BC9FEDD3-58F9-4057-8B9B-7A5EC8D52E09}.Debug|Any CPU.ActiveCfg = Debug|Any CPU
		{BC9FEDD3-58F9-4057-8B9B-7A5EC8D52E09}.Debug|Any CPU.Build.0 = Debug|Any CPU
		{BC9FEDD3-58F9-4057-8B9B-7A5EC8D52E09}.Release|Any CPU.ActiveCfg = Release|Any CPU
		{BC9FEDD3-58F9-4057-8B9B-7A5EC8D52E09}.Release|Any CPU.Build.0 = Release|Any CPU
		{45762886-B642-400C-9D24-6CD41EEFF6AE}.Debug|Any CPU.ActiveCfg = Debug|Any CPU
		{45762886-B642-400C-9D24-6CD41EEFF6AE}.Debug|Any CPU.Build.0 = Debug|Any CPU
		{45762886-B642-400C-9D24-6CD41EEFF6AE}.Release|Any CPU.ActiveCfg = Release|Any CPU
		{45762886-B642-400C-9D24-6CD41EEFF6AE}.Release|Any CPU.Build.0 = Release|Any CPU
		{53873D6B-0021-430F-ADCF-49E02DB172EE}.Debug|Any CPU.ActiveCfg = Debug|Any CPU
		{53873D6B-0021-430F-ADCF-49E02DB172EE}.Debug|Any CPU.Build.0 = Debug|Any CPU
		{53873D6B-0021-430F-ADCF-49E02DB172EE}.Release|Any CPU.ActiveCfg = Release|Any CPU
		{53873D6B-0021-430F-ADCF-49E02DB172EE}.Release|Any CPU.Build.0 = Release|Any CPU
		{B42CFF3D-6B44-4194-9287-33D8803B8C48}.Debug|Any CPU.ActiveCfg = Debug|Any CPU
		{B42CFF3D-6B44-4194-9287-33D8803B8C48}.Debug|Any CPU.Build.0 = Debug|Any CPU
		{B42CFF3D-6B44-4194-9287-33D8803B8C48}.Release|Any CPU.ActiveCfg = Release|Any CPU
		{B42CFF3D-6B44-4194-9287-33D8803B8C48}.Release|Any CPU.Build.0 = Release|Any CPU
		{3D6A8DE9-6A80-4393-B631-402F7DE34E3E}.Debug|Any CPU.ActiveCfg = Debug|Any CPU
		{3D6A8DE9-6A80-4393-B631-402F7DE34E3E}.Debug|Any CPU.Build.0 = Debug|Any CPU
		{3D6A8DE9-6A80-4393-B631-402F7DE34E3E}.Release|Any CPU.ActiveCfg = Release|Any CPU
		{3D6A8DE9-6A80-4393-B631-402F7DE34E3E}.Release|Any CPU.Build.0 = Release|Any CPU
		{01A94CF7-0BDC-48C7-AC5D-63725FD72473}.Debug|Any CPU.ActiveCfg = Debug|Any CPU
		{01A94CF7-0BDC-48C7-AC5D-63725FD72473}.Debug|Any CPU.Build.0 = Debug|Any CPU
		{01A94CF7-0BDC-48C7-AC5D-63725FD72473}.Release|Any CPU.ActiveCfg = Release|Any CPU
		{01A94CF7-0BDC-48C7-AC5D-63725FD72473}.Release|Any CPU.Build.0 = Release|Any CPU
		{60DA3BEC-34D2-4B8F-9C1A-3125760B8FA9}.Debug|Any CPU.ActiveCfg = Debug|Any CPU
		{60DA3BEC-34D2-4B8F-9C1A-3125760B8FA9}.Debug|Any CPU.Build.0 = Debug|Any CPU
		{60DA3BEC-34D2-4B8F-9C1A-3125760B8FA9}.Release|Any CPU.ActiveCfg = Release|Any CPU
		{60DA3BEC-34D2-4B8F-9C1A-3125760B8FA9}.Release|Any CPU.Build.0 = Release|Any CPU
		{6F97FCCC-FA76-4A8C-9C71-4077248336B0}.Debug|Any CPU.ActiveCfg = Debug|Any CPU
		{6F97FCCC-FA76-4A8C-9C71-4077248336B0}.Debug|Any CPU.Build.0 = Debug|Any CPU
		{6F97FCCC-FA76-4A8C-9C71-4077248336B0}.Release|Any CPU.ActiveCfg = Release|Any CPU
		{6F97FCCC-FA76-4A8C-9C71-4077248336B0}.Release|Any CPU.Build.0 = Release|Any CPU
		{1403787A-B374-42A5-81A4-C27665B43C5A}.Debug|Any CPU.ActiveCfg = Debug|Any CPU
		{1403787A-B374-42A5-81A4-C27665B43C5A}.Debug|Any CPU.Build.0 = Debug|Any CPU
		{1403787A-B374-42A5-81A4-C27665B43C5A}.Release|Any CPU.ActiveCfg = Release|Any CPU
		{1403787A-B374-42A5-81A4-C27665B43C5A}.Release|Any CPU.Build.0 = Release|Any CPU
		{374B61E4-996E-4151-B2E9-CF387EC010FE}.Debug|Any CPU.ActiveCfg = Debug|Any CPU
		{374B61E4-996E-4151-B2E9-CF387EC010FE}.Debug|Any CPU.Build.0 = Debug|Any CPU
		{374B61E4-996E-4151-B2E9-CF387EC010FE}.Release|Any CPU.ActiveCfg = Release|Any CPU
		{374B61E4-996E-4151-B2E9-CF387EC010FE}.Release|Any CPU.Build.0 = Release|Any CPU
		{33ED583D-AE60-45B1-8815-80030E4B6C91}.Debug|Any CPU.ActiveCfg = Debug|Any CPU
		{33ED583D-AE60-45B1-8815-80030E4B6C91}.Debug|Any CPU.Build.0 = Debug|Any CPU
		{33ED583D-AE60-45B1-8815-80030E4B6C91}.Release|Any CPU.ActiveCfg = Release|Any CPU
		{33ED583D-AE60-45B1-8815-80030E4B6C91}.Release|Any CPU.Build.0 = Release|Any CPU
		{98211D9B-8E69-4630-A091-8F6F2EFE179E}.Debug|Any CPU.ActiveCfg = Debug|Any CPU
		{98211D9B-8E69-4630-A091-8F6F2EFE179E}.Debug|Any CPU.Build.0 = Debug|Any CPU
		{98211D9B-8E69-4630-A091-8F6F2EFE179E}.Release|Any CPU.ActiveCfg = Release|Any CPU
		{98211D9B-8E69-4630-A091-8F6F2EFE179E}.Release|Any CPU.Build.0 = Release|Any CPU
		{A8851E0D-E838-44A9-B94F-4C2D77F0B7B8}.Debug|Any CPU.ActiveCfg = Debug|Any CPU
		{A8851E0D-E838-44A9-B94F-4C2D77F0B7B8}.Debug|Any CPU.Build.0 = Debug|Any CPU
		{A8851E0D-E838-44A9-B94F-4C2D77F0B7B8}.Release|Any CPU.ActiveCfg = Release|Any CPU
		{A8851E0D-E838-44A9-B94F-4C2D77F0B7B8}.Release|Any CPU.Build.0 = Release|Any CPU
		{6A2CF875-07DA-40AC-BFD8-2500883FAE72}.Debug|Any CPU.ActiveCfg = Debug|Any CPU
		{6A2CF875-07DA-40AC-BFD8-2500883FAE72}.Debug|Any CPU.Build.0 = Debug|Any CPU
		{6A2CF875-07DA-40AC-BFD8-2500883FAE72}.Release|Any CPU.ActiveCfg = Release|Any CPU
		{6A2CF875-07DA-40AC-BFD8-2500883FAE72}.Release|Any CPU.Build.0 = Release|Any CPU
		{88F1123C-9555-4845-84F8-8FBE3F18E1A7}.Debug|Any CPU.ActiveCfg = Debug|Any CPU
		{88F1123C-9555-4845-84F8-8FBE3F18E1A7}.Debug|Any CPU.Build.0 = Debug|Any CPU
		{88F1123C-9555-4845-84F8-8FBE3F18E1A7}.Release|Any CPU.ActiveCfg = Release|Any CPU
		{88F1123C-9555-4845-84F8-8FBE3F18E1A7}.Release|Any CPU.Build.0 = Release|Any CPU
		{AE430A55-CB10-4508-9FB1-FA0A7D07C90D}.Debug|Any CPU.ActiveCfg = Debug|Any CPU
		{AE430A55-CB10-4508-9FB1-FA0A7D07C90D}.Debug|Any CPU.Build.0 = Debug|Any CPU
		{AE430A55-CB10-4508-9FB1-FA0A7D07C90D}.Release|Any CPU.ActiveCfg = Release|Any CPU
		{AE430A55-CB10-4508-9FB1-FA0A7D07C90D}.Release|Any CPU.Build.0 = Release|Any CPU
		{9B8A7153-B1C2-4B48-8752-5554F889AF10}.Debug|Any CPU.ActiveCfg = Debug|Any CPU
		{9B8A7153-B1C2-4B48-8752-5554F889AF10}.Debug|Any CPU.Build.0 = Debug|Any CPU
		{9B8A7153-B1C2-4B48-8752-5554F889AF10}.Release|Any CPU.ActiveCfg = Release|Any CPU
		{9B8A7153-B1C2-4B48-8752-5554F889AF10}.Release|Any CPU.Build.0 = Release|Any CPU
		{4D0422C0-4B05-4043-B8DD-FB6CC5E6DE00}.Debug|Any CPU.ActiveCfg = Debug|Any CPU
		{4D0422C0-4B05-4043-B8DD-FB6CC5E6DE00}.Debug|Any CPU.Build.0 = Debug|Any CPU
		{4D0422C0-4B05-4043-B8DD-FB6CC5E6DE00}.Release|Any CPU.ActiveCfg = Release|Any CPU
		{4D0422C0-4B05-4043-B8DD-FB6CC5E6DE00}.Release|Any CPU.Build.0 = Release|Any CPU
		{E59A5015-4ECE-4B88-B969-10CD1C910A7D}.Debug|Any CPU.ActiveCfg = Debug|Any CPU
		{E59A5015-4ECE-4B88-B969-10CD1C910A7D}.Debug|Any CPU.Build.0 = Debug|Any CPU
		{E59A5015-4ECE-4B88-B969-10CD1C910A7D}.Release|Any CPU.ActiveCfg = Release|Any CPU
		{E59A5015-4ECE-4B88-B969-10CD1C910A7D}.Release|Any CPU.Build.0 = Release|Any CPU
		{014433C2-8F23-479B-B4C7-75053A2BA197}.Debug|Any CPU.ActiveCfg = Debug|Any CPU
		{014433C2-8F23-479B-B4C7-75053A2BA197}.Debug|Any CPU.Build.0 = Debug|Any CPU
		{014433C2-8F23-479B-B4C7-75053A2BA197}.Release|Any CPU.ActiveCfg = Release|Any CPU
		{014433C2-8F23-479B-B4C7-75053A2BA197}.Release|Any CPU.Build.0 = Release|Any CPU
		{5CBC48AB-14A9-4BCF-A249-202C8AFC133B}.Debug|Any CPU.ActiveCfg = Debug|Any CPU
		{5CBC48AB-14A9-4BCF-A249-202C8AFC133B}.Debug|Any CPU.Build.0 = Debug|Any CPU
		{5CBC48AB-14A9-4BCF-A249-202C8AFC133B}.Release|Any CPU.ActiveCfg = Release|Any CPU
		{5CBC48AB-14A9-4BCF-A249-202C8AFC133B}.Release|Any CPU.Build.0 = Release|Any CPU
		{C505DF31-13EF-4738-A8DC-083A9F2C464B}.Debug|Any CPU.ActiveCfg = Debug|Any CPU
		{C505DF31-13EF-4738-A8DC-083A9F2C464B}.Debug|Any CPU.Build.0 = Debug|Any CPU
		{C505DF31-13EF-4738-A8DC-083A9F2C464B}.Release|Any CPU.ActiveCfg = Release|Any CPU
		{C505DF31-13EF-4738-A8DC-083A9F2C464B}.Release|Any CPU.Build.0 = Release|Any CPU
		{9C2CF460-A378-48CD-BF7F-7B842EE70A52}.Debug|Any CPU.ActiveCfg = Debug|Any CPU
		{9C2CF460-A378-48CD-BF7F-7B842EE70A52}.Debug|Any CPU.Build.0 = Debug|Any CPU
		{9C2CF460-A378-48CD-BF7F-7B842EE70A52}.Release|Any CPU.ActiveCfg = Release|Any CPU
		{9C2CF460-A378-48CD-BF7F-7B842EE70A52}.Release|Any CPU.Build.0 = Release|Any CPU
		{48679C4E-A8B5-4879-886E-AA376269ABD0}.Debug|Any CPU.ActiveCfg = Debug|Any CPU
		{48679C4E-A8B5-4879-886E-AA376269ABD0}.Debug|Any CPU.Build.0 = Debug|Any CPU
		{48679C4E-A8B5-4879-886E-AA376269ABD0}.Release|Any CPU.ActiveCfg = Release|Any CPU
		{48679C4E-A8B5-4879-886E-AA376269ABD0}.Release|Any CPU.Build.0 = Release|Any CPU
		{1B8D8587-05B1-4E3B-821F-166FA92CEDA6}.Debug|Any CPU.ActiveCfg = Debug|Any CPU
		{1B8D8587-05B1-4E3B-821F-166FA92CEDA6}.Debug|Any CPU.Build.0 = Debug|Any CPU
		{1B8D8587-05B1-4E3B-821F-166FA92CEDA6}.Release|Any CPU.ActiveCfg = Release|Any CPU
		{1B8D8587-05B1-4E3B-821F-166FA92CEDA6}.Release|Any CPU.Build.0 = Release|Any CPU
		{DBAC41D6-3AF1-499B-9497-11BAD05F97B6}.Debug|Any CPU.ActiveCfg = Debug|Any CPU
		{DBAC41D6-3AF1-499B-9497-11BAD05F97B6}.Debug|Any CPU.Build.0 = Debug|Any CPU
		{DBAC41D6-3AF1-499B-9497-11BAD05F97B6}.Release|Any CPU.ActiveCfg = Release|Any CPU
		{DBAC41D6-3AF1-499B-9497-11BAD05F97B6}.Release|Any CPU.Build.0 = Release|Any CPU
		{3E954389-9DCF-49B7-9B80-F3EE5FFE9DE5}.Debug|Any CPU.ActiveCfg = Debug|Any CPU
		{3E954389-9DCF-49B7-9B80-F3EE5FFE9DE5}.Debug|Any CPU.Build.0 = Debug|Any CPU
		{3E954389-9DCF-49B7-9B80-F3EE5FFE9DE5}.Release|Any CPU.ActiveCfg = Release|Any CPU
		{3E954389-9DCF-49B7-9B80-F3EE5FFE9DE5}.Release|Any CPU.Build.0 = Release|Any CPU
		{F977EA8D-C92F-43FD-84E6-6BC71D243519}.Debug|Any CPU.ActiveCfg = Debug|Any CPU
		{F977EA8D-C92F-43FD-84E6-6BC71D243519}.Debug|Any CPU.Build.0 = Debug|Any CPU
		{F977EA8D-C92F-43FD-84E6-6BC71D243519}.Release|Any CPU.ActiveCfg = Release|Any CPU
		{F977EA8D-C92F-43FD-84E6-6BC71D243519}.Release|Any CPU.Build.0 = Release|Any CPU
		{A333A966-7235-401C-B9AB-916FBC293044}.Debug|Any CPU.ActiveCfg = Debug|Any CPU
		{A333A966-7235-401C-B9AB-916FBC293044}.Debug|Any CPU.Build.0 = Debug|Any CPU
		{A333A966-7235-401C-B9AB-916FBC293044}.Release|Any CPU.ActiveCfg = Release|Any CPU
		{A333A966-7235-401C-B9AB-916FBC293044}.Release|Any CPU.Build.0 = Release|Any CPU
		{B1B95745-87E0-46D6-A76A-CE9A0A2A59E0}.Debug|Any CPU.ActiveCfg = Debug|Any CPU
		{B1B95745-87E0-46D6-A76A-CE9A0A2A59E0}.Debug|Any CPU.Build.0 = Debug|Any CPU
		{B1B95745-87E0-46D6-A76A-CE9A0A2A59E0}.Release|Any CPU.ActiveCfg = Release|Any CPU
		{B1B95745-87E0-46D6-A76A-CE9A0A2A59E0}.Release|Any CPU.Build.0 = Release|Any CPU
		{E3580EF8-5B89-4BD0-93A6-162191B90CC2}.Debug|Any CPU.ActiveCfg = Debug|Any CPU
		{E3580EF8-5B89-4BD0-93A6-162191B90CC2}.Debug|Any CPU.Build.0 = Debug|Any CPU
		{E3580EF8-5B89-4BD0-93A6-162191B90CC2}.Release|Any CPU.ActiveCfg = Release|Any CPU
		{E3580EF8-5B89-4BD0-93A6-162191B90CC2}.Release|Any CPU.Build.0 = Release|Any CPU
		{97897E2A-A422-43E0-AA42-B72A4A5F9BD0}.Debug|Any CPU.ActiveCfg = Debug|Any CPU
		{97897E2A-A422-43E0-AA42-B72A4A5F9BD0}.Debug|Any CPU.Build.0 = Debug|Any CPU
		{97897E2A-A422-43E0-AA42-B72A4A5F9BD0}.Release|Any CPU.ActiveCfg = Release|Any CPU
		{97897E2A-A422-43E0-AA42-B72A4A5F9BD0}.Release|Any CPU.Build.0 = Release|Any CPU
		{F0C2C29E-D85C-4C4B-A9E9-90D9FC209054}.Debug|Any CPU.ActiveCfg = Debug|Any CPU
		{F0C2C29E-D85C-4C4B-A9E9-90D9FC209054}.Debug|Any CPU.Build.0 = Debug|Any CPU
		{F0C2C29E-D85C-4C4B-A9E9-90D9FC209054}.Release|Any CPU.ActiveCfg = Release|Any CPU
		{F0C2C29E-D85C-4C4B-A9E9-90D9FC209054}.Release|Any CPU.Build.0 = Release|Any CPU
		{5CEC3C3F-00D9-4315-B4C3-E0AF2450396E}.Debug|Any CPU.ActiveCfg = Debug|Any CPU
		{5CEC3C3F-00D9-4315-B4C3-E0AF2450396E}.Debug|Any CPU.Build.0 = Debug|Any CPU
		{5CEC3C3F-00D9-4315-B4C3-E0AF2450396E}.Release|Any CPU.ActiveCfg = Release|Any CPU
		{5CEC3C3F-00D9-4315-B4C3-E0AF2450396E}.Release|Any CPU.Build.0 = Release|Any CPU
		{16F1AB85-C0B3-4301-8D04-8BA9E6021463}.Debug|Any CPU.ActiveCfg = Debug|Any CPU
		{16F1AB85-C0B3-4301-8D04-8BA9E6021463}.Debug|Any CPU.Build.0 = Debug|Any CPU
		{16F1AB85-C0B3-4301-8D04-8BA9E6021463}.Release|Any CPU.ActiveCfg = Release|Any CPU
		{16F1AB85-C0B3-4301-8D04-8BA9E6021463}.Release|Any CPU.Build.0 = Release|Any CPU
		{F043D572-4B67-49E8-A9B1-1C59A833C132}.Debug|Any CPU.ActiveCfg = Debug|Any CPU
		{F043D572-4B67-49E8-A9B1-1C59A833C132}.Debug|Any CPU.Build.0 = Debug|Any CPU
		{F043D572-4B67-49E8-A9B1-1C59A833C132}.Release|Any CPU.ActiveCfg = Release|Any CPU
		{F043D572-4B67-49E8-A9B1-1C59A833C132}.Release|Any CPU.Build.0 = Release|Any CPU
		{35E658AE-A3A1-45BB-B58F-88D8E604D721}.Debug|Any CPU.ActiveCfg = Debug|Any CPU
		{35E658AE-A3A1-45BB-B58F-88D8E604D721}.Debug|Any CPU.Build.0 = Debug|Any CPU
		{35E658AE-A3A1-45BB-B58F-88D8E604D721}.Release|Any CPU.ActiveCfg = Release|Any CPU
		{35E658AE-A3A1-45BB-B58F-88D8E604D721}.Release|Any CPU.Build.0 = Release|Any CPU
		{F0871844-DAE1-464B-A19D-76C4D327A774}.Debug|Any CPU.ActiveCfg = Debug|Any CPU
		{F0871844-DAE1-464B-A19D-76C4D327A774}.Debug|Any CPU.Build.0 = Debug|Any CPU
		{F0871844-DAE1-464B-A19D-76C4D327A774}.Release|Any CPU.ActiveCfg = Release|Any CPU
		{F0871844-DAE1-464B-A19D-76C4D327A774}.Release|Any CPU.Build.0 = Release|Any CPU
		{1035658C-1EE1-4BB4-ACF2-EAB908A921BA}.Debug|Any CPU.ActiveCfg = Debug|Any CPU
		{1035658C-1EE1-4BB4-ACF2-EAB908A921BA}.Debug|Any CPU.Build.0 = Debug|Any CPU
		{1035658C-1EE1-4BB4-ACF2-EAB908A921BA}.Release|Any CPU.ActiveCfg = Release|Any CPU
		{1035658C-1EE1-4BB4-ACF2-EAB908A921BA}.Release|Any CPU.Build.0 = Release|Any CPU
		{88A6FD35-3803-4703-A4FD-3318FE1A7CA3}.Debug|Any CPU.ActiveCfg = Debug|Any CPU
		{88A6FD35-3803-4703-A4FD-3318FE1A7CA3}.Debug|Any CPU.Build.0 = Debug|Any CPU
		{88A6FD35-3803-4703-A4FD-3318FE1A7CA3}.Release|Any CPU.ActiveCfg = Release|Any CPU
		{88A6FD35-3803-4703-A4FD-3318FE1A7CA3}.Release|Any CPU.Build.0 = Release|Any CPU
		{DDC2CCB5-6E17-4568-A84D-D809BD96370B}.Debug|Any CPU.ActiveCfg = Debug|Any CPU
		{DDC2CCB5-6E17-4568-A84D-D809BD96370B}.Debug|Any CPU.Build.0 = Debug|Any CPU
		{DDC2CCB5-6E17-4568-A84D-D809BD96370B}.Release|Any CPU.ActiveCfg = Release|Any CPU
		{DDC2CCB5-6E17-4568-A84D-D809BD96370B}.Release|Any CPU.Build.0 = Release|Any CPU
		{1314F1C9-1851-45CF-8123-D75F1D514090}.Debug|Any CPU.ActiveCfg = Debug|Any CPU
		{1314F1C9-1851-45CF-8123-D75F1D514090}.Debug|Any CPU.Build.0 = Debug|Any CPU
		{1314F1C9-1851-45CF-8123-D75F1D514090}.Release|Any CPU.ActiveCfg = Release|Any CPU
		{1314F1C9-1851-45CF-8123-D75F1D514090}.Release|Any CPU.Build.0 = Release|Any CPU
		{0BD853D8-A292-4CC4-A822-2228C834AF52}.Debug|Any CPU.ActiveCfg = Debug|Any CPU
		{0BD853D8-A292-4CC4-A822-2228C834AF52}.Debug|Any CPU.Build.0 = Debug|Any CPU
		{0BD853D8-A292-4CC4-A822-2228C834AF52}.Release|Any CPU.ActiveCfg = Release|Any CPU
		{0BD853D8-A292-4CC4-A822-2228C834AF52}.Release|Any CPU.Build.0 = Release|Any CPU
		{8A397650-1CCE-4F49-9F4F-644917CA00F3}.Debug|Any CPU.ActiveCfg = Debug|Any CPU
		{8A397650-1CCE-4F49-9F4F-644917CA00F3}.Debug|Any CPU.Build.0 = Debug|Any CPU
		{8A397650-1CCE-4F49-9F4F-644917CA00F3}.Release|Any CPU.ActiveCfg = Release|Any CPU
		{8A397650-1CCE-4F49-9F4F-644917CA00F3}.Release|Any CPU.Build.0 = Release|Any CPU
		{699D3169-5A14-4FE6-B287-79C7516C107C}.Debug|Any CPU.ActiveCfg = Debug|Any CPU
		{699D3169-5A14-4FE6-B287-79C7516C107C}.Debug|Any CPU.Build.0 = Debug|Any CPU
		{699D3169-5A14-4FE6-B287-79C7516C107C}.Release|Any CPU.ActiveCfg = Release|Any CPU
		{699D3169-5A14-4FE6-B287-79C7516C107C}.Release|Any CPU.Build.0 = Release|Any CPU
		{4E88A10A-3794-4D75-9CE6-67E4D70E0186}.Debug|Any CPU.ActiveCfg = Debug|Any CPU
		{4E88A10A-3794-4D75-9CE6-67E4D70E0186}.Debug|Any CPU.Build.0 = Debug|Any CPU
		{4E88A10A-3794-4D75-9CE6-67E4D70E0186}.Release|Any CPU.ActiveCfg = Release|Any CPU
		{4E88A10A-3794-4D75-9CE6-67E4D70E0186}.Release|Any CPU.Build.0 = Release|Any CPU
		{1E75159F-19C2-449B-8375-DC07AC68C437}.Debug|Any CPU.ActiveCfg = Debug|Any CPU
		{1E75159F-19C2-449B-8375-DC07AC68C437}.Debug|Any CPU.Build.0 = Debug|Any CPU
		{1E75159F-19C2-449B-8375-DC07AC68C437}.Release|Any CPU.ActiveCfg = Release|Any CPU
		{1E75159F-19C2-449B-8375-DC07AC68C437}.Release|Any CPU.Build.0 = Release|Any CPU
		{F36E98E7-372A-4891-A9AB-95A95C1279C6}.Debug|Any CPU.ActiveCfg = Debug|Any CPU
		{F36E98E7-372A-4891-A9AB-95A95C1279C6}.Debug|Any CPU.Build.0 = Debug|Any CPU
		{F36E98E7-372A-4891-A9AB-95A95C1279C6}.Release|Any CPU.ActiveCfg = Release|Any CPU
		{F36E98E7-372A-4891-A9AB-95A95C1279C6}.Release|Any CPU.Build.0 = Release|Any CPU
		{26CB5679-43E3-4924-A93B-4A1F2F5FEC7A}.Debug|Any CPU.ActiveCfg = Debug|Any CPU
		{26CB5679-43E3-4924-A93B-4A1F2F5FEC7A}.Debug|Any CPU.Build.0 = Debug|Any CPU
		{26CB5679-43E3-4924-A93B-4A1F2F5FEC7A}.Release|Any CPU.ActiveCfg = Release|Any CPU
		{26CB5679-43E3-4924-A93B-4A1F2F5FEC7A}.Release|Any CPU.Build.0 = Release|Any CPU
		{A47FA522-B712-405A-BBD8-51A38B0A7E6E}.Debug|Any CPU.ActiveCfg = Debug|Any CPU
		{A47FA522-B712-405A-BBD8-51A38B0A7E6E}.Debug|Any CPU.Build.0 = Debug|Any CPU
		{A47FA522-B712-405A-BBD8-51A38B0A7E6E}.Release|Any CPU.ActiveCfg = Release|Any CPU
		{A47FA522-B712-405A-BBD8-51A38B0A7E6E}.Release|Any CPU.Build.0 = Release|Any CPU
		{81626660-19B4-4A83-9BF4-5B7ABC138183}.Debug|Any CPU.ActiveCfg = Debug|Any CPU
		{81626660-19B4-4A83-9BF4-5B7ABC138183}.Debug|Any CPU.Build.0 = Debug|Any CPU
		{81626660-19B4-4A83-9BF4-5B7ABC138183}.Release|Any CPU.ActiveCfg = Release|Any CPU
		{81626660-19B4-4A83-9BF4-5B7ABC138183}.Release|Any CPU.Build.0 = Release|Any CPU
		{19CA2FC3-A032-4811-BFF3-CFB6F971D4FD}.Debug|Any CPU.ActiveCfg = Debug|Any CPU
		{19CA2FC3-A032-4811-BFF3-CFB6F971D4FD}.Debug|Any CPU.Build.0 = Debug|Any CPU
		{19CA2FC3-A032-4811-BFF3-CFB6F971D4FD}.Release|Any CPU.ActiveCfg = Release|Any CPU
		{19CA2FC3-A032-4811-BFF3-CFB6F971D4FD}.Release|Any CPU.Build.0 = Release|Any CPU
		{CB8B9C25-5709-4035-92D5-13DB4D465EBB}.Debug|Any CPU.ActiveCfg = Debug|Any CPU
		{CB8B9C25-5709-4035-92D5-13DB4D465EBB}.Debug|Any CPU.Build.0 = Debug|Any CPU
		{CB8B9C25-5709-4035-92D5-13DB4D465EBB}.Release|Any CPU.ActiveCfg = Release|Any CPU
		{CB8B9C25-5709-4035-92D5-13DB4D465EBB}.Release|Any CPU.Build.0 = Release|Any CPU
		{7CD90D34-D8EB-4E89-A7D3-A327AAA247FD}.Debug|Any CPU.ActiveCfg = Debug|Any CPU
		{7CD90D34-D8EB-4E89-A7D3-A327AAA247FD}.Debug|Any CPU.Build.0 = Debug|Any CPU
		{7CD90D34-D8EB-4E89-A7D3-A327AAA247FD}.Release|Any CPU.ActiveCfg = Release|Any CPU
		{7CD90D34-D8EB-4E89-A7D3-A327AAA247FD}.Release|Any CPU.Build.0 = Release|Any CPU
		{AA9CDF00-EE63-4393-AFB1-6369F7DA512A}.Debug|Any CPU.ActiveCfg = Debug|Any CPU
		{AA9CDF00-EE63-4393-AFB1-6369F7DA512A}.Debug|Any CPU.Build.0 = Debug|Any CPU
		{AA9CDF00-EE63-4393-AFB1-6369F7DA512A}.Release|Any CPU.ActiveCfg = Release|Any CPU
		{AA9CDF00-EE63-4393-AFB1-6369F7DA512A}.Release|Any CPU.Build.0 = Release|Any CPU
		{7CBF2FA4-77FC-45E0-B396-850B062142FD}.Debug|Any CPU.ActiveCfg = Debug|Any CPU
		{7CBF2FA4-77FC-45E0-B396-850B062142FD}.Debug|Any CPU.Build.0 = Debug|Any CPU
		{7CBF2FA4-77FC-45E0-B396-850B062142FD}.Release|Any CPU.ActiveCfg = Release|Any CPU
		{7CBF2FA4-77FC-45E0-B396-850B062142FD}.Release|Any CPU.Build.0 = Release|Any CPU
		{54D5255C-115F-4E47-A316-B0FB8A525681}.Debug|Any CPU.ActiveCfg = Debug|Any CPU
		{54D5255C-115F-4E47-A316-B0FB8A525681}.Debug|Any CPU.Build.0 = Debug|Any CPU
		{54D5255C-115F-4E47-A316-B0FB8A525681}.Release|Any CPU.ActiveCfg = Release|Any CPU
		{54D5255C-115F-4E47-A316-B0FB8A525681}.Release|Any CPU.Build.0 = Release|Any CPU
		{73E0C226-8C34-4C9F-97EF-2C9C4CE2FE43}.Debug|Any CPU.ActiveCfg = Debug|Any CPU
		{73E0C226-8C34-4C9F-97EF-2C9C4CE2FE43}.Debug|Any CPU.Build.0 = Debug|Any CPU
		{73E0C226-8C34-4C9F-97EF-2C9C4CE2FE43}.Release|Any CPU.ActiveCfg = Release|Any CPU
		{73E0C226-8C34-4C9F-97EF-2C9C4CE2FE43}.Release|Any CPU.Build.0 = Release|Any CPU
		{64D139B1-D329-4C34-86AE-0410789C3C41}.Debug|Any CPU.ActiveCfg = Debug|Any CPU
		{64D139B1-D329-4C34-86AE-0410789C3C41}.Debug|Any CPU.Build.0 = Debug|Any CPU
		{64D139B1-D329-4C34-86AE-0410789C3C41}.Release|Any CPU.ActiveCfg = Release|Any CPU
		{64D139B1-D329-4C34-86AE-0410789C3C41}.Release|Any CPU.Build.0 = Release|Any CPU
		{F2C1EAFE-75CF-48BB-AA2A-501366D75BC9}.Debug|Any CPU.ActiveCfg = Debug|Any CPU
		{F2C1EAFE-75CF-48BB-AA2A-501366D75BC9}.Debug|Any CPU.Build.0 = Debug|Any CPU
		{F2C1EAFE-75CF-48BB-AA2A-501366D75BC9}.Release|Any CPU.ActiveCfg = Release|Any CPU
		{F2C1EAFE-75CF-48BB-AA2A-501366D75BC9}.Release|Any CPU.Build.0 = Release|Any CPU
		{96FC281A-7B98-4C4D-8091-721DF1C39464}.Debug|Any CPU.ActiveCfg = Debug|Any CPU
		{96FC281A-7B98-4C4D-8091-721DF1C39464}.Debug|Any CPU.Build.0 = Debug|Any CPU
		{96FC281A-7B98-4C4D-8091-721DF1C39464}.Release|Any CPU.ActiveCfg = Release|Any CPU
		{96FC281A-7B98-4C4D-8091-721DF1C39464}.Release|Any CPU.Build.0 = Release|Any CPU
		{9D0B6654-241A-42C3-B757-BCFC22847245}.Debug|Any CPU.ActiveCfg = Debug|Any CPU
		{9D0B6654-241A-42C3-B757-BCFC22847245}.Debug|Any CPU.Build.0 = Debug|Any CPU
		{9D0B6654-241A-42C3-B757-BCFC22847245}.Release|Any CPU.ActiveCfg = Release|Any CPU
		{9D0B6654-241A-42C3-B757-BCFC22847245}.Release|Any CPU.Build.0 = Release|Any CPU
		{9CA9ADF8-CBBA-40DF-B2F2-FB422402358C}.Debug|Any CPU.ActiveCfg = Debug|Any CPU
		{9CA9ADF8-CBBA-40DF-B2F2-FB422402358C}.Debug|Any CPU.Build.0 = Debug|Any CPU
		{9CA9ADF8-CBBA-40DF-B2F2-FB422402358C}.Release|Any CPU.ActiveCfg = Release|Any CPU
		{9CA9ADF8-CBBA-40DF-B2F2-FB422402358C}.Release|Any CPU.Build.0 = Release|Any CPU
		{CDFB5F28-AD0A-4B28-BFDF-F42BFD7E6C39}.Debug|Any CPU.ActiveCfg = Debug|Any CPU
		{CDFB5F28-AD0A-4B28-BFDF-F42BFD7E6C39}.Debug|Any CPU.Build.0 = Debug|Any CPU
		{CDFB5F28-AD0A-4B28-BFDF-F42BFD7E6C39}.Release|Any CPU.ActiveCfg = Release|Any CPU
		{CDFB5F28-AD0A-4B28-BFDF-F42BFD7E6C39}.Release|Any CPU.Build.0 = Release|Any CPU
		{0EAE1CCB-8319-4DED-8130-88A5113FBD5C}.Debug|Any CPU.ActiveCfg = Debug|Any CPU
		{0EAE1CCB-8319-4DED-8130-88A5113FBD5C}.Debug|Any CPU.Build.0 = Debug|Any CPU
		{0EAE1CCB-8319-4DED-8130-88A5113FBD5C}.Release|Any CPU.ActiveCfg = Release|Any CPU
		{0EAE1CCB-8319-4DED-8130-88A5113FBD5C}.Release|Any CPU.Build.0 = Release|Any CPU
		{0C88D625-6541-4C5A-BD94-E82B4FE6A75D}.Debug|Any CPU.ActiveCfg = Debug|Any CPU
		{0C88D625-6541-4C5A-BD94-E82B4FE6A75D}.Debug|Any CPU.Build.0 = Debug|Any CPU
		{0C88D625-6541-4C5A-BD94-E82B4FE6A75D}.Release|Any CPU.ActiveCfg = Release|Any CPU
		{0C88D625-6541-4C5A-BD94-E82B4FE6A75D}.Release|Any CPU.Build.0 = Release|Any CPU
		{5EC7600D-32DC-49F8-B761-18C185C3C07C}.Debug|Any CPU.ActiveCfg = Debug|Any CPU
		{5EC7600D-32DC-49F8-B761-18C185C3C07C}.Debug|Any CPU.Build.0 = Debug|Any CPU
		{5EC7600D-32DC-49F8-B761-18C185C3C07C}.Release|Any CPU.ActiveCfg = Release|Any CPU
		{5EC7600D-32DC-49F8-B761-18C185C3C07C}.Release|Any CPU.Build.0 = Release|Any CPU
		{46FFB747-7864-4806-96BC-1408B86467B7}.Debug|Any CPU.ActiveCfg = Debug|Any CPU
		{46FFB747-7864-4806-96BC-1408B86467B7}.Debug|Any CPU.Build.0 = Debug|Any CPU
		{46FFB747-7864-4806-96BC-1408B86467B7}.Release|Any CPU.ActiveCfg = Release|Any CPU
		{46FFB747-7864-4806-96BC-1408B86467B7}.Release|Any CPU.Build.0 = Release|Any CPU
	EndGlobalSection
	GlobalSection(SolutionProperties) = preSolution
		HideSolutionNode = FALSE
	EndGlobalSection
	GlobalSection(NestedProjects) = preSolution
		{340F8A17-32E9-4015-949B-C6DD2A72084D} = {126CF0CC-D1A0-406B-835E-884B1549932C}
		{A88F18BB-690E-4849-8303-F706B8A3E953} = {126CF0CC-D1A0-406B-835E-884B1549932C}
		{68926F1A-0C16-4724-83D2-912FC1D57CFE} = {126CF0CC-D1A0-406B-835E-884B1549932C}
		{B606C8A1-3043-46E5-AD6E-9E420641892A} = {126CF0CC-D1A0-406B-835E-884B1549932C}
		{3B3D02CA-8786-4A62-B501-222B7647AA7C} = {126CF0CC-D1A0-406B-835E-884B1549932C}
		{9948118A-02C1-41A4-AA77-D54BDEFCCE0B} = {126CF0CC-D1A0-406B-835E-884B1549932C}
		{C50A89A1-B2AD-44F6-8BD9-797DE103F425} = {126CF0CC-D1A0-406B-835E-884B1549932C}
		{B1B95745-87E0-46D6-A76A-CE9A0A2A59E0} = {126CF0CC-D1A0-406B-835E-884B1549932C}
		{E3580EF8-5B89-4BD0-93A6-162191B90CC2} = {126CF0CC-D1A0-406B-835E-884B1549932C}
		{97897E2A-A422-43E0-AA42-B72A4A5F9BD0} = {0A43821C-DA6D-423B-B4C7-674793BA8C8E}
		{F0C2C29E-D85C-4C4B-A9E9-90D9FC209054} = {0A43821C-DA6D-423B-B4C7-674793BA8C8E}
		{5CEC3C3F-00D9-4315-B4C3-E0AF2450396E} = {126CF0CC-D1A0-406B-835E-884B1549932C}
		{1035658C-1EE1-4BB4-ACF2-EAB908A921BA} = {889D8D94-C309-4763-B87B-F9F4853C893D}
		{88A6FD35-3803-4703-A4FD-3318FE1A7CA3} = {889D8D94-C309-4763-B87B-F9F4853C893D}
		{DDC2CCB5-6E17-4568-A84D-D809BD96370B} = {889D8D94-C309-4763-B87B-F9F4853C893D}
		{1314F1C9-1851-45CF-8123-D75F1D514090} = {889D8D94-C309-4763-B87B-F9F4853C893D}
		{4E88A10A-3794-4D75-9CE6-67E4D70E0186} = {BF5D0B03-A9EF-4238-A552-6B87A486BD6F}
		{1E75159F-19C2-449B-8375-DC07AC68C437} = {0A43821C-DA6D-423B-B4C7-674793BA8C8E}
		{73E0C226-8C34-4C9F-97EF-2C9C4CE2FE43} = {BF5D0B03-A9EF-4238-A552-6B87A486BD6F}
		{CDFB5F28-AD0A-4B28-BFDF-F42BFD7E6C39} = {889D8D94-C309-4763-B87B-F9F4853C893D}
		{0EAE1CCB-8319-4DED-8130-88A5113FBD5C} = {889D8D94-C309-4763-B87B-F9F4853C893D}
		{0C88D625-6541-4C5A-BD94-E82B4FE6A75D} = {889D8D94-C309-4763-B87B-F9F4853C893D}
		{5EC7600D-32DC-49F8-B761-18C185C3C07C} = {126CF0CC-D1A0-406B-835E-884B1549932C}
		{46FFB747-7864-4806-96BC-1408B86467B7} = {126CF0CC-D1A0-406B-835E-884B1549932C}
	EndGlobalSection
	GlobalSection(ExtensibilityGlobals) = postSolution
		SolutionGuid = {6F6E669C-B669-4194-95A3-A19492780BFB}
	EndGlobalSection
EndGlobal
